{
  "name": "server",
  "version": "1.0.0",
  "lockfileVersion": 3,
  "requires": true,
  "packages": {
    "": {
      "name": "server",
      "version": "1.0.0",
      "license": "ISC",
      "dependencies": {
        "http-rails": "^0.53.5"
      }
    },
    "node_modules/http-rails": {
      "version": "0.53.5",
      "resolved": "https://registry.npmjs.org/http-rails/-/http-rails-0.53.5.tgz",
      "integrity": "sha512-v5/sU1yBGyPDWzgP6XstxZ2PMcEam2ujaun6hEQDhMffuDkfWJUXaifpKWc5tVeeK7MDwlj3CwQTGH9pV0iZFg=="
    }
  }
}
